
Microsoft Visual Studio Solution File, Format Version 12.00
# Visual Studio Version 16
VisualStudioVersion = 16.0.31702.278
MinimumVisualStudioVersion = 10.0.40219.1
Project("{FAE04EC0-301F-11D3-BF4B-00C04F79EFBC}") = "Recipes", "Recipes\Recipes.csproj", "{DC192C13-F7FB-45A9-9F73-F6CE341146FB}"
EndProject
Global
	GlobalSection(SolutionConfigurationPlatforms) = preSolution
		Debug|Any CPU = Debug|Any CPU
		Release|Any CPU = Release|Any CPU
	EndGlobalSection
	GlobalSection(ProjectConfigurationPlatforms) = postSolution
		{DC192C13-F7FB-45A9-9F73-F6CE341146FB}.Debug|Any CPU.ActiveCfg = Debug|Any CPU
		{DC192C13-F7FB-45A9-9F73-F6CE341146FB}.Debug|Any CPU.Build.0 = Debug|Any CPU
		{DC192C13-F7FB-45A9-9F73-F6CE341146FB}.Release|Any CPU.ActiveCfg = Release|Any CPU
		{DC192C13-F7FB-45A9-9F73-F6CE341146FB}.Release|Any CPU.Build.0 = Release|Any CPU
	EndGlobalSection
	GlobalSection(SolutionProperties) = preSolution
		HideSolutionNode = FALSE
	EndGlobalSection
	GlobalSection(ExtensibilityGlobals) = postSolution
		SolutionGuid = {01C348A5-8DB8-42D8-9F2A-791ACC2AAE52}
	EndGlobalSection
EndGlobal
